// !$*UTF8*$!
{
	archiveVersion = 1;
	classes = {
	};
	objectVersion = 51;
	objects = {

/* Begin PBXBuildFile section */
		0C0E85F32418DBBA003E8507 /* AppDelegate.swift in Sources */ = {isa = PBXBuildFile; fileRef = 0C0E85F22418DBBA003E8507 /* AppDelegate.swift */; };
		0C0E85F52418DBBA003E8507 /* SceneDelegate.swift in Sources */ = {isa = PBXBuildFile; fileRef = 0C0E85F42418DBBA003E8507 /* SceneDelegate.swift */; };
		0C0E85FA2418DBBA003E8507 /* Main.storyboard in Resources */ = {isa = PBXBuildFile; fileRef = 0C0E85F82418DBBA003E8507 /* Main.storyboard */; };
		0C0E85FC2418DBC0003E8507 /* Assets.xcassets in Resources */ = {isa = PBXBuildFile; fileRef = 0C0E85FB2418DBC0003E8507 /* Assets.xcassets */; };
		0C0E85FF2418DBC0003E8507 /* LaunchScreen.storyboard in Resources */ = {isa = PBXBuildFile; fileRef = 0C0E85FD2418DBC0003E8507 /* LaunchScreen.storyboard */; };
		0C32BD762440873C0007AB72 /* AddFriendViewController.swift in Sources */ = {isa = PBXBuildFile; fileRef = 0C32BD752440873C0007AB72 /* AddFriendViewController.swift */; };
		0C32BD78244092A40007AB72 /* AddFriendViewModel.swift in Sources */ = {isa = PBXBuildFile; fileRef = 0C32BD77244092A40007AB72 /* AddFriendViewModel.swift */; };
		0C32BD7A244185DC0007AB72 /* FriendListViewModel.swift in Sources */ = {isa = PBXBuildFile; fileRef = 0C32BD79244185DC0007AB72 /* FriendListViewModel.swift */; };
		0C32BD7C2441C12E0007AB72 /* FriendListCellViewModel.swift in Sources */ = {isa = PBXBuildFile; fileRef = 0C32BD7B2441C12E0007AB72 /* FriendListCellViewModel.swift */; };
		0C32BD7E2442E9920007AB72 /* ChatManager.swift in Sources */ = {isa = PBXBuildFile; fileRef = 0C32BD7D2442E9920007AB72 /* ChatManager.swift */; };
		0C756C54245F022F00A5BF23 /* ChatRoomViewModel.swift in Sources */ = {isa = PBXBuildFile; fileRef = 0C756C53245F022F00A5BF23 /* ChatRoomViewModel.swift */; };
		0C756C5624600C2C00A5BF23 /* UserInformationSingleton.swift in Sources */ = {isa = PBXBuildFile; fileRef = 0C756C5524600C2C00A5BF23 /* UserInformationSingleton.swift */; };
		0C756C582460147700A5BF23 /* NotifyObserver.swift in Sources */ = {isa = PBXBuildFile; fileRef = 0C756C572460147700A5BF23 /* NotifyObserver.swift */; };
		0CCEBEA624488A2D0089D8BB /* ChatListViewModel.swift in Sources */ = {isa = PBXBuildFile; fileRef = 0CCEBEA524488A2D0089D8BB /* ChatListViewModel.swift */; };
		0CFBA40B241CC8AB0025F004 /* LogInViewController.swift in Sources */ = {isa = PBXBuildFile; fileRef = 0CFBA40A241CC8AB0025F004 /* LogInViewController.swift */; };
		0CFBA40D241CC9540025F004 /* FriendListViewController.swift in Sources */ = {isa = PBXBuildFile; fileRef = 0CFBA40C241CC9540025F004 /* FriendListViewController.swift */; };
		0CFBA40F241CCB110025F004 /* TabbarViewController.swift in Sources */ = {isa = PBXBuildFile; fileRef = 0CFBA40E241CCB110025F004 /* TabbarViewController.swift */; };
		0CFBA411241CCBB00025F004 /* ChatListViewController.swift in Sources */ = {isa = PBXBuildFile; fileRef = 0CFBA410241CCBB00025F004 /* ChatListViewController.swift */; };
		0CFBA413241CCBEC0025F004 /* ProfileViewController.swift in Sources */ = {isa = PBXBuildFile; fileRef = 0CFBA412241CCBEC0025F004 /* ProfileViewController.swift */; };
		0CFBA416241CCC320025F004 /* SignUpViewController.swift in Sources */ = {isa = PBXBuildFile; fileRef = 0CFBA415241CCC320025F004 /* SignUpViewController.swift */; };
		0CFBA418241CCDAF0025F004 /* NavigationViewController.swift in Sources */ = {isa = PBXBuildFile; fileRef = 0CFBA417241CCDAF0025F004 /* NavigationViewController.swift */; };
		0CFBA41A241CCE760025F004 /* CheckStateLoginViewController.swift in Sources */ = {isa = PBXBuildFile; fileRef = 0CFBA419241CCE760025F004 /* CheckStateLoginViewController.swift */; };
		0CFBA41D241CF15A0025F004 /* FriendListCell.swift in Sources */ = {isa = PBXBuildFile; fileRef = 0CFBA41B241CF15A0025F004 /* FriendListCell.swift */; };
		0CFBA41E241CF15A0025F004 /* FriendListCell.xib in Resources */ = {isa = PBXBuildFile; fileRef = 0CFBA41C241CF15A0025F004 /* FriendListCell.xib */; };
		0CFBA421241CFC520025F004 /* ChatListCell.swift in Sources */ = {isa = PBXBuildFile; fileRef = 0CFBA41F241CFC520025F004 /* ChatListCell.swift */; };
		0CFBA422241CFC520025F004 /* ChatListCell.xib in Resources */ = {isa = PBXBuildFile; fileRef = 0CFBA420241CFC520025F004 /* ChatListCell.xib */; };
		0CFBA424241DD38F0025F004 /* ChatRoomViewController.swift in Sources */ = {isa = PBXBuildFile; fileRef = 0CFBA423241DD38F0025F004 /* ChatRoomViewController.swift */; };
		0CFBA428241DD52D0025F004 /* FriendChatCell.swift in Sources */ = {isa = PBXBuildFile; fileRef = 0CFBA426241DD52D0025F004 /* FriendChatCell.swift */; };
		0CFBA429241DD52D0025F004 /* FriendChatCell.xib in Resources */ = {isa = PBXBuildFile; fileRef = 0CFBA427241DD52D0025F004 /* FriendChatCell.xib */; };
		0CFBA42C241DD66C0025F004 /* MyChatCell.swift in Sources */ = {isa = PBXBuildFile; fileRef = 0CFBA42A241DD66C0025F004 /* MyChatCell.swift */; };
		0CFBA42D241DD66C0025F004 /* MyChatCell.xib in Resources */ = {isa = PBXBuildFile; fileRef = 0CFBA42B241DD66C0025F004 /* MyChatCell.xib */; };
		0CFBA432241DE2720025F004 /* Authentication.swift in Sources */ = {isa = PBXBuildFile; fileRef = 0CFBA431241DE2720025F004 /* Authentication.swift */; };
		0CFBA439241E158B0025F004 /* SignUpViewModel.swift in Sources */ = {isa = PBXBuildFile; fileRef = 0CFBA438241E158B0025F004 /* SignUpViewModel.swift */; };
		0CFBA43B241F647D0025F004 /* UserInformation.swift in Sources */ = {isa = PBXBuildFile; fileRef = 0CFBA43A241F647D0025F004 /* UserInformation.swift */; };
		0CFBA43D241F831C0025F004 /* SetNewUserViewController.swift in Sources */ = {isa = PBXBuildFile; fileRef = 0CFBA43C241F831C0025F004 /* SetNewUserViewController.swift */; };
		0CFBA43F241F93240025F004 /* LogInViewModel.swift in Sources */ = {isa = PBXBuildFile; fileRef = 0CFBA43E241F93240025F004 /* LogInViewModel.swift */; };
		0CFBA4412420B1B50025F004 /* UserDetail.swift in Sources */ = {isa = PBXBuildFile; fileRef = 0CFBA4402420B1B50025F004 /* UserDetail.swift */; };
		0CFBA4432420BB570025F004 /* GoogleService-Info.plist in Resources */ = {isa = PBXBuildFile; fileRef = 0CFBA4422420BB570025F004 /* GoogleService-Info.plist */; };
		0CFBA4452420D9DA0025F004 /* SetNewUserViewModel.swift in Sources */ = {isa = PBXBuildFile; fileRef = 0CFBA4442420D9DA0025F004 /* SetNewUserViewModel.swift */; };
		0CFBA44724235A1C0025F004 /* UserLoginState.swift in Sources */ = {isa = PBXBuildFile; fileRef = 0CFBA44624235A1C0025F004 /* UserLoginState.swift */; };
		0CFBA44924235B880025F004 /* ImageManager.swift in Sources */ = {isa = PBXBuildFile; fileRef = 0CFBA44824235B880025F004 /* ImageManager.swift */; };
		A4401D649268B76E7B6E7458 /* Pods_MessagingApp.framework in Frameworks */ = {isa = PBXBuildFile; fileRef = B4A7F04EB128A0C2C183DDC0 /* Pods_MessagingApp.framework */; };
/* End PBXBuildFile section */

/* Begin PBXFileReference section */
		0C0E85EF2418DBBA003E8507 /* MessagingApp.app */ = {isa = PBXFileReference; explicitFileType = wrapper.application; includeInIndex = 0; path = MessagingApp.app; sourceTree = BUILT_PRODUCTS_DIR; };
		0C0E85F22418DBBA003E8507 /* AppDelegate.swift */ = {isa = PBXFileReference; lastKnownFileType = sourcecode.swift; path = AppDelegate.swift; sourceTree = "<group>"; };
		0C0E85F42418DBBA003E8507 /* SceneDelegate.swift */ = {isa = PBXFileReference; lastKnownFileType = sourcecode.swift; path = SceneDelegate.swift; sourceTree = "<group>"; };
		0C0E85F92418DBBA003E8507 /* Base */ = {isa = PBXFileReference; lastKnownFileType = file.storyboard; name = Base; path = Base.lproj/Main.storyboard; sourceTree = "<group>"; };
		0C0E85FB2418DBC0003E8507 /* Assets.xcassets */ = {isa = PBXFileReference; lastKnownFileType = folder.assetcatalog; path = Assets.xcassets; sourceTree = "<group>"; };
		0C0E85FE2418DBC0003E8507 /* Base */ = {isa = PBXFileReference; lastKnownFileType = file.storyboard; name = Base; path = Base.lproj/LaunchScreen.storyboard; sourceTree = "<group>"; };
		0C32BD752440873C0007AB72 /* AddFriendViewController.swift */ = {isa = PBXFileReference; lastKnownFileType = sourcecode.swift; path = AddFriendViewController.swift; sourceTree = "<group>"; };
		0C32BD77244092A40007AB72 /* AddFriendViewModel.swift */ = {isa = PBXFileReference; lastKnownFileType = sourcecode.swift; path = AddFriendViewModel.swift; sourceTree = "<group>"; };
		0C32BD79244185DC0007AB72 /* FriendListViewModel.swift */ = {isa = PBXFileReference; lastKnownFileType = sourcecode.swift; path = FriendListViewModel.swift; sourceTree = "<group>"; };
		0C32BD7B2441C12E0007AB72 /* FriendListCellViewModel.swift */ = {isa = PBXFileReference; lastKnownFileType = sourcecode.swift; path = FriendListCellViewModel.swift; sourceTree = "<group>"; };
		0C32BD7D2442E9920007AB72 /* ChatManager.swift */ = {isa = PBXFileReference; lastKnownFileType = sourcecode.swift; path = ChatManager.swift; sourceTree = "<group>"; };
		0C756C53245F022F00A5BF23 /* ChatRoomViewModel.swift */ = {isa = PBXFileReference; lastKnownFileType = sourcecode.swift; path = ChatRoomViewModel.swift; sourceTree = "<group>"; };
		0C756C5524600C2C00A5BF23 /* UserInformationSingleton.swift */ = {isa = PBXFileReference; lastKnownFileType = sourcecode.swift; path = UserInformationSingleton.swift; sourceTree = "<group>"; };
		0C756C572460147700A5BF23 /* NotifyObserver.swift */ = {isa = PBXFileReference; lastKnownFileType = sourcecode.swift; path = NotifyObserver.swift; sourceTree = "<group>"; };
		0CC344EE247FD1820044FF04 /* Info.plist */ = {isa = PBXFileReference; fileEncoding = 4; lastKnownFileType = text.plist.xml; path = Info.plist; sourceTree = "<group>"; };
		0CCEBEA524488A2D0089D8BB /* ChatListViewModel.swift */ = {isa = PBXFileReference; lastKnownFileType = sourcecode.swift; path = ChatListViewModel.swift; sourceTree = "<group>"; };
		0CFBA40A241CC8AB0025F004 /* LogInViewController.swift */ = {isa = PBXFileReference; lastKnownFileType = sourcecode.swift; path = LogInViewController.swift; sourceTree = "<group>"; };
		0CFBA40C241CC9540025F004 /* FriendListViewController.swift */ = {isa = PBXFileReference; lastKnownFileType = sourcecode.swift; path = FriendListViewController.swift; sourceTree = "<group>"; };
		0CFBA40E241CCB110025F004 /* TabbarViewController.swift */ = {isa = PBXFileReference; lastKnownFileType = sourcecode.swift; path = TabbarViewController.swift; sourceTree = "<group>"; };
		0CFBA410241CCBB00025F004 /* ChatListViewController.swift */ = {isa = PBXFileReference; lastKnownFileType = sourcecode.swift; path = ChatListViewController.swift; sourceTree = "<group>"; };
		0CFBA412241CCBEC0025F004 /* ProfileViewController.swift */ = {isa = PBXFileReference; lastKnownFileType = sourcecode.swift; path = ProfileViewController.swift; sourceTree = "<group>"; };
		0CFBA415241CCC320025F004 /* SignUpViewController.swift */ = {isa = PBXFileReference; lastKnownFileType = sourcecode.swift; path = SignUpViewController.swift; sourceTree = "<group>"; };
		0CFBA417241CCDAF0025F004 /* NavigationViewController.swift */ = {isa = PBXFileReference; lastKnownFileType = sourcecode.swift; path = NavigationViewController.swift; sourceTree = "<group>"; };
		0CFBA419241CCE760025F004 /* CheckStateLoginViewController.swift */ = {isa = PBXFileReference; lastKnownFileType = sourcecode.swift; path = CheckStateLoginViewController.swift; sourceTree = "<group>"; };
		0CFBA41B241CF15A0025F004 /* FriendListCell.swift */ = {isa = PBXFileReference; lastKnownFileType = sourcecode.swift; path = FriendListCell.swift; sourceTree = "<group>"; };
		0CFBA41C241CF15A0025F004 /* FriendListCell.xib */ = {isa = PBXFileReference; lastKnownFileType = file.xib; path = FriendListCell.xib; sourceTree = "<group>"; };
		0CFBA41F241CFC520025F004 /* ChatListCell.swift */ = {isa = PBXFileReference; lastKnownFileType = sourcecode.swift; path = ChatListCell.swift; sourceTree = "<group>"; };
		0CFBA420241CFC520025F004 /* ChatListCell.xib */ = {isa = PBXFileReference; lastKnownFileType = file.xib; path = ChatListCell.xib; sourceTree = "<group>"; };
		0CFBA423241DD38F0025F004 /* ChatRoomViewController.swift */ = {isa = PBXFileReference; lastKnownFileType = sourcecode.swift; path = ChatRoomViewController.swift; sourceTree = "<group>"; };
		0CFBA426241DD52D0025F004 /* FriendChatCell.swift */ = {isa = PBXFileReference; lastKnownFileType = sourcecode.swift; path = FriendChatCell.swift; sourceTree = "<group>"; };
		0CFBA427241DD52D0025F004 /* FriendChatCell.xib */ = {isa = PBXFileReference; lastKnownFileType = file.xib; path = FriendChatCell.xib; sourceTree = "<group>"; };
		0CFBA42A241DD66C0025F004 /* MyChatCell.swift */ = {isa = PBXFileReference; lastKnownFileType = sourcecode.swift; path = MyChatCell.swift; sourceTree = "<group>"; };
		0CFBA42B241DD66C0025F004 /* MyChatCell.xib */ = {isa = PBXFileReference; lastKnownFileType = file.xib; path = MyChatCell.xib; sourceTree = "<group>"; };
		0CFBA431241DE2720025F004 /* Authentication.swift */ = {isa = PBXFileReference; lastKnownFileType = sourcecode.swift; path = Authentication.swift; sourceTree = "<group>"; };
		0CFBA438241E158B0025F004 /* SignUpViewModel.swift */ = {isa = PBXFileReference; lastKnownFileType = sourcecode.swift; path = SignUpViewModel.swift; sourceTree = "<group>"; };
		0CFBA43A241F647D0025F004 /* UserInformation.swift */ = {isa = PBXFileReference; lastKnownFileType = sourcecode.swift; path = UserInformation.swift; sourceTree = "<group>"; };
		0CFBA43C241F831C0025F004 /* SetNewUserViewController.swift */ = {isa = PBXFileReference; lastKnownFileType = sourcecode.swift; path = SetNewUserViewController.swift; sourceTree = "<group>"; };
		0CFBA43E241F93240025F004 /* LogInViewModel.swift */ = {isa = PBXFileReference; lastKnownFileType = sourcecode.swift; path = LogInViewModel.swift; sourceTree = "<group>"; };
		0CFBA4402420B1B50025F004 /* UserDetail.swift */ = {isa = PBXFileReference; lastKnownFileType = sourcecode.swift; path = UserDetail.swift; sourceTree = "<group>"; };
		0CFBA4422420BB570025F004 /* GoogleService-Info.plist */ = {isa = PBXFileReference; fileEncoding = 4; lastKnownFileType = text.plist.xml; path = "GoogleService-Info.plist"; sourceTree = "<group>"; };
		0CFBA4442420D9DA0025F004 /* SetNewUserViewModel.swift */ = {isa = PBXFileReference; lastKnownFileType = sourcecode.swift; path = SetNewUserViewModel.swift; sourceTree = "<group>"; };
		0CFBA44624235A1C0025F004 /* UserLoginState.swift */ = {isa = PBXFileReference; lastKnownFileType = sourcecode.swift; path = UserLoginState.swift; sourceTree = "<group>"; };
		0CFBA44824235B880025F004 /* ImageManager.swift */ = {isa = PBXFileReference; lastKnownFileType = sourcecode.swift; path = ImageManager.swift; sourceTree = "<group>"; };
		3046A7634966961D68049202 /* Pods-MessagingApp.debug.xcconfig */ = {isa = PBXFileReference; includeInIndex = 1; lastKnownFileType = text.xcconfig; name = "Pods-MessagingApp.debug.xcconfig"; path = "Target Support Files/Pods-MessagingApp/Pods-MessagingApp.debug.xcconfig"; sourceTree = "<group>"; };
		B4A7F04EB128A0C2C183DDC0 /* Pods_MessagingApp.framework */ = {isa = PBXFileReference; explicitFileType = wrapper.framework; includeInIndex = 0; path = Pods_MessagingApp.framework; sourceTree = BUILT_PRODUCTS_DIR; };
		F1E800698BFB3F14E581E0CE /* Pods-MessagingApp.release.xcconfig */ = {isa = PBXFileReference; includeInIndex = 1; lastKnownFileType = text.xcconfig; name = "Pods-MessagingApp.release.xcconfig"; path = "Target Support Files/Pods-MessagingApp/Pods-MessagingApp.release.xcconfig"; sourceTree = "<group>"; };
/* End PBXFileReference section */

/* Begin PBXFrameworksBuildPhase section */
		0C0E85EC2418DBBA003E8507 /* Frameworks */ = {
			isa = PBXFrameworksBuildPhase;
			buildActionMask = 2147483647;
			files = (
				A4401D649268B76E7B6E7458 /* Pods_MessagingApp.framework in Frameworks */,
			);
			runOnlyForDeploymentPostprocessing = 0;
		};
/* End PBXFrameworksBuildPhase section */

/* Begin PBXGroup section */
		0C0E85E62418DBBA003E8507 = {
			isa = PBXGroup;
			children = (
				0C0E85F12418DBBA003E8507 /* MessagingApp */,
				0C0E85F02418DBBA003E8507 /* Products */,
				9ACC23DCC35EF881C9445F2B /* Pods */,
				CDEE27623629A4640F6CA96D /* Frameworks */,
			);
			sourceTree = "<group>";
		};
		0C0E85F02418DBBA003E8507 /* Products */ = {
			isa = PBXGroup;
			children = (
				0C0E85EF2418DBBA003E8507 /* MessagingApp.app */,
			);
			name = Products;
			sourceTree = "<group>";
		};
		0C0E85F12418DBBA003E8507 /* MessagingApp */ = {
			isa = PBXGroup;
			children = (
				0CFBA425241DD3FC0025F004 /* DataBindings */,
				0CFBA409241CC87F0025F004 /* ViewModels */,
				0CFBA408241CC8770025F004 /* Models */,
				0CFBA407241CC8690025F004 /* Views */,
				0C0E85F22418DBBA003E8507 /* AppDelegate.swift */,
				0C0E85F42418DBBA003E8507 /* SceneDelegate.swift */,
				0C0E85F82418DBBA003E8507 /* Main.storyboard */,
				0C0E85FB2418DBC0003E8507 /* Assets.xcassets */,
				0CC344EE247FD1820044FF04 /* Info.plist */,
				0C0E85FD2418DBC0003E8507 /* LaunchScreen.storyboard */,
				0CFBA4422420BB570025F004 /* GoogleService-Info.plist */,
			);
			path = MessagingApp;
			sourceTree = "<group>";
		};
		0CFBA407241CC8690025F004 /* Views */ = {
			isa = PBXGroup;
			children = (
				0CFBA40A241CC8AB0025F004 /* LogInViewController.swift */,
				0CFBA40C241CC9540025F004 /* FriendListViewController.swift */,
				0CFBA40E241CCB110025F004 /* TabbarViewController.swift */,
				0CFBA410241CCBB00025F004 /* ChatListViewController.swift */,
				0CFBA412241CCBEC0025F004 /* ProfileViewController.swift */,
				0CFBA415241CCC320025F004 /* SignUpViewController.swift */,
				0CFBA417241CCDAF0025F004 /* NavigationViewController.swift */,
				0CFBA419241CCE760025F004 /* CheckStateLoginViewController.swift */,
				0CFBA423241DD38F0025F004 /* ChatRoomViewController.swift */,
				0CFBA43C241F831C0025F004 /* SetNewUserViewController.swift */,
				0C32BD752440873C0007AB72 /* AddFriendViewController.swift */,
			);
			path = Views;
			sourceTree = "<group>";
		};
		0CFBA408241CC8770025F004 /* Models */ = {
			isa = PBXGroup;
			children = (
				0CFBA433241DE3630025F004 /* DataModels */,
				0CFBA414241CCBFF0025F004 /* CellModels */,
			);
			path = Models;
			sourceTree = "<group>";
		};
		0CFBA409241CC87F0025F004 /* ViewModels */ = {
			isa = PBXGroup;
			children = (
				0CFBA438241E158B0025F004 /* SignUpViewModel.swift */,
				0CFBA43E241F93240025F004 /* LogInViewModel.swift */,
				0CFBA4442420D9DA0025F004 /* SetNewUserViewModel.swift */,
				0C32BD77244092A40007AB72 /* AddFriendViewModel.swift */,
				0C32BD79244185DC0007AB72 /* FriendListViewModel.swift */,
				0C32BD7B2441C12E0007AB72 /* FriendListCellViewModel.swift */,
				0CCEBEA524488A2D0089D8BB /* ChatListViewModel.swift */,
				0C756C53245F022F00A5BF23 /* ChatRoomViewModel.swift */,
			);
			path = ViewModels;
			sourceTree = "<group>";
		};
		0CFBA414241CCBFF0025F004 /* CellModels */ = {
			isa = PBXGroup;
			children = (
				0CFBA41B241CF15A0025F004 /* FriendListCell.swift */,
				0CFBA41C241CF15A0025F004 /* FriendListCell.xib */,
				0CFBA41F241CFC520025F004 /* ChatListCell.swift */,
				0CFBA420241CFC520025F004 /* ChatListCell.xib */,
				0CFBA426241DD52D0025F004 /* FriendChatCell.swift */,
				0CFBA427241DD52D0025F004 /* FriendChatCell.xib */,
				0CFBA42A241DD66C0025F004 /* MyChatCell.swift */,
				0CFBA42B241DD66C0025F004 /* MyChatCell.xib */,
			);
			path = CellModels;
			sourceTree = "<group>";
		};
		0CFBA425241DD3FC0025F004 /* DataBindings */ = {
			isa = PBXGroup;
			children = (
				0CFBA431241DE2720025F004 /* Authentication.swift */,
				0CFBA43A241F647D0025F004 /* UserInformation.swift */,
				0CFBA44824235B880025F004 /* ImageManager.swift */,
				0C32BD7D2442E9920007AB72 /* ChatManager.swift */,
			);
			path = DataBindings;
			sourceTree = "<group>";
		};
		0CFBA433241DE3630025F004 /* DataModels */ = {
			isa = PBXGroup;
			children = (
				0CFBA4402420B1B50025F004 /* UserDetail.swift */,
				0CFBA44624235A1C0025F004 /* UserLoginState.swift */,
				0C756C5524600C2C00A5BF23 /* UserInformationSingleton.swift */,
				0C756C572460147700A5BF23 /* NotifyObserver.swift */,
			);
			path = DataModels;
			sourceTree = "<group>";
		};
		9ACC23DCC35EF881C9445F2B /* Pods */ = {
			isa = PBXGroup;
			children = (
				3046A7634966961D68049202 /* Pods-MessagingApp.debug.xcconfig */,
				F1E800698BFB3F14E581E0CE /* Pods-MessagingApp.release.xcconfig */,
			);
			path = Pods;
			sourceTree = "<group>";
		};
		CDEE27623629A4640F6CA96D /* Frameworks */ = {
			isa = PBXGroup;
			children = (
				B4A7F04EB128A0C2C183DDC0 /* Pods_MessagingApp.framework */,
			);
			name = Frameworks;
			sourceTree = "<group>";
		};
/* End PBXGroup section */

/* Begin PBXNativeTarget section */
		0C0E85EE2418DBBA003E8507 /* MessagingApp */ = {
			isa = PBXNativeTarget;
			buildConfigurationList = 0C0E86032418DBC0003E8507 /* Build configuration list for PBXNativeTarget "MessagingApp" */;
			buildPhases = (
				E5C9E742371976C4D4A3CA0E /* [CP] Check Pods Manifest.lock */,
				0C0E85EB2418DBBA003E8507 /* Sources */,
				0C0E85EC2418DBBA003E8507 /* Frameworks */,
				0C0E85ED2418DBBA003E8507 /* Resources */,
				2FF22046D177C1EB416A0E0C /* [CP] Embed Pods Frameworks */,
			);
			buildRules = (
			);
			dependencies = (
			);
			name = MessagingApp;
			productName = MessagingApp;
			productReference = 0C0E85EF2418DBBA003E8507 /* MessagingApp.app */;
			productType = "com.apple.product-type.application";
		};
/* End PBXNativeTarget section */

/* Begin PBXProject section */
		0C0E85E72418DBBA003E8507 /* Project object */ = {
			isa = PBXProject;
			attributes = {
				LastSwiftUpdateCheck = 1130;
				LastUpgradeCheck = 1130;
				ORGANIZATIONNAME = "Prapawit Patthasirivichot";
				TargetAttributes = {
					0C0E85EE2418DBBA003E8507 = {
						CreatedOnToolsVersion = 11.3.1;
					};
				};
			};
			buildConfigurationList = 0C0E85EA2418DBBA003E8507 /* Build configuration list for PBXProject "MessagingApp" */;
			compatibilityVersion = "Xcode 9.3";
			developmentRegion = en;
			hasScannedForEncodings = 0;
			knownRegions = (
				en,
				Base,
			);
			mainGroup = 0C0E85E62418DBBA003E8507;
			productRefGroup = 0C0E85F02418DBBA003E8507 /* Products */;
			projectDirPath = "";
			projectRoot = "";
			targets = (
				0C0E85EE2418DBBA003E8507 /* MessagingApp */,
			);
		};
/* End PBXProject section */

/* Begin PBXResourcesBuildPhase section */
		0C0E85ED2418DBBA003E8507 /* Resources */ = {
			isa = PBXResourcesBuildPhase;
			buildActionMask = 2147483647;
			files = (
				0C0E85FF2418DBC0003E8507 /* LaunchScreen.storyboard in Resources */,
				0CFBA4432420BB570025F004 /* GoogleService-Info.plist in Resources */,
				0CFBA429241DD52D0025F004 /* FriendChatCell.xib in Resources */,
				0C0E85FC2418DBC0003E8507 /* Assets.xcassets in Resources */,
				0CFBA422241CFC520025F004 /* ChatListCell.xib in Resources */,
				0C0E85FA2418DBBA003E8507 /* Main.storyboard in Resources */,
				0CFBA42D241DD66C0025F004 /* MyChatCell.xib in Resources */,
				0CFBA41E241CF15A0025F004 /* FriendListCell.xib in Resources */,
			);
			runOnlyForDeploymentPostprocessing = 0;
		};
/* End PBXResourcesBuildPhase section */

/* Begin PBXShellScriptBuildPhase section */
		2FF22046D177C1EB416A0E0C /* [CP] Embed Pods Frameworks */ = {
			isa = PBXShellScriptBuildPhase;
			buildActionMask = 2147483647;
			files = (
			);
			inputFileListPaths = (
				"${PODS_ROOT}/Target Support Files/Pods-MessagingApp/Pods-MessagingApp-frameworks-${CONFIGURATION}-input-files.xcfilelist",
			);
			name = "[CP] Embed Pods Frameworks";
			outputFileListPaths = (
				"${PODS_ROOT}/Target Support Files/Pods-MessagingApp/Pods-MessagingApp-frameworks-${CONFIGURATION}-output-files.xcfilelist",
			);
			runOnlyForDeploymentPostprocessing = 0;
			shellPath = /bin/sh;
			shellScript = "\"${PODS_ROOT}/Target Support Files/Pods-MessagingApp/Pods-MessagingApp-frameworks.sh\"\n";
			showEnvVarsInLog = 0;
		};
		E5C9E742371976C4D4A3CA0E /* [CP] Check Pods Manifest.lock */ = {
			isa = PBXShellScriptBuildPhase;
			buildActionMask = 2147483647;
			files = (
			);
			inputFileListPaths = (
			);
			inputPaths = (
				"${PODS_PODFILE_DIR_PATH}/Podfile.lock",
				"${PODS_ROOT}/Manifest.lock",
			);
			name = "[CP] Check Pods Manifest.lock";
			outputFileListPaths = (
			);
			outputPaths = (
				"$(DERIVED_FILE_DIR)/Pods-MessagingApp-checkManifestLockResult.txt",
			);
			runOnlyForDeploymentPostprocessing = 0;
			shellPath = /bin/sh;
			shellScript = "diff \"${PODS_PODFILE_DIR_PATH}/Podfile.lock\" \"${PODS_ROOT}/Manifest.lock\" > /dev/null\nif [ $? != 0 ] ; then\n    # print error to STDERR\n    echo \"error: The sandbox is not in sync with the Podfile.lock. Run 'pod install' or update your CocoaPods installation.\" >&2\n    exit 1\nfi\n# This output is used by Xcode 'outputs' to avoid re-running this script phase.\necho \"SUCCESS\" > \"${SCRIPT_OUTPUT_FILE_0}\"\n";
			showEnvVarsInLog = 0;
		};
/* End PBXShellScriptBuildPhase section */

/* Begin PBXSourcesBuildPhase section */
		0C0E85EB2418DBBA003E8507 /* Sources */ = {
			isa = PBXSourcesBuildPhase;
			buildActionMask = 2147483647;
			files = (
				0CFBA411241CCBB00025F004 /* ChatListViewController.swift in Sources */,
				0CFBA4412420B1B50025F004 /* UserDetail.swift in Sources */,
				0C756C582460147700A5BF23 /* NotifyObserver.swift in Sources */,
				0CFBA439241E158B0025F004 /* SignUpViewModel.swift in Sources */,
				0CFBA44924235B880025F004 /* ImageManager.swift in Sources */,
				0CFBA428241DD52D0025F004 /* FriendChatCell.swift in Sources */,
				0CFBA40D241CC9540025F004 /* FriendListViewController.swift in Sources */,
				0CFBA4452420D9DA0025F004 /* SetNewUserViewModel.swift in Sources */,
				0CFBA44724235A1C0025F004 /* UserLoginState.swift in Sources */,
				0C756C54245F022F00A5BF23 /* ChatRoomViewModel.swift in Sources */,
				0CFBA416241CCC320025F004 /* SignUpViewController.swift in Sources */,
				0CFBA42C241DD66C0025F004 /* MyChatCell.swift in Sources */,
				0CFBA418241CCDAF0025F004 /* NavigationViewController.swift in Sources */,
				0CFBA43B241F647D0025F004 /* UserInformation.swift in Sources */,
				0CCEBEA624488A2D0089D8BB /* ChatListViewModel.swift in Sources */,
				0C32BD7C2441C12E0007AB72 /* FriendListCellViewModel.swift in Sources */,
				0C32BD78244092A40007AB72 /* AddFriendViewModel.swift in Sources */,
				0C0E85F32418DBBA003E8507 /* AppDelegate.swift in Sources */,
				0C756C5624600C2C00A5BF23 /* UserInformationSingleton.swift in Sources */,
				0CFBA43D241F831C0025F004 /* SetNewUserViewController.swift in Sources */,
				0CFBA424241DD38F0025F004 /* ChatRoomViewController.swift in Sources */,
				0CFBA41A241CCE760025F004 /* CheckStateLoginViewController.swift in Sources */,
				0C32BD7E2442E9920007AB72 /* ChatManager.swift in Sources */,
				0C0E85F52418DBBA003E8507 /* SceneDelegate.swift in Sources */,
				0CFBA413241CCBEC0025F004 /* ProfileViewController.swift in Sources */,
				0CFBA41D241CF15A0025F004 /* FriendListCell.swift in Sources */,
				0CFBA421241CFC520025F004 /* ChatListCell.swift in Sources */,
				0CFBA43F241F93240025F004 /* LogInViewModel.swift in Sources */,
				0CFBA40F241CCB110025F004 /* TabbarViewController.swift in Sources */,
				0C32BD7A244185DC0007AB72 /* FriendListViewModel.swift in Sources */,
				0C32BD762440873C0007AB72 /* AddFriendViewController.swift in Sources */,
				0CFBA40B241CC8AB0025F004 /* LogInViewController.swift in Sources */,
				0CFBA432241DE2720025F004 /* Authentication.swift in Sources */,
			);
			runOnlyForDeploymentPostprocessing = 0;
		};
/* End PBXSourcesBuildPhase section */

/* Begin PBXVariantGroup section */
		0C0E85F82418DBBA003E8507 /* Main.storyboard */ = {
			isa = PBXVariantGroup;
			children = (
				0C0E85F92418DBBA003E8507 /* Base */,
			);
			name = Main.storyboard;
			sourceTree = "<group>";
		};
		0C0E85FD2418DBC0003E8507 /* LaunchScreen.storyboard */ = {
			isa = PBXVariantGroup;
			children = (
				0C0E85FE2418DBC0003E8507 /* Base */,
			);
			name = LaunchScreen.storyboard;
			sourceTree = "<group>";
		};
/* End PBXVariantGroup section */

/* Begin XCBuildConfiguration section */
		0C0E86012418DBC0003E8507 /* Debug */ = {
			isa = XCBuildConfiguration;
			buildSettings = {
				ALWAYS_SEARCH_USER_PATHS = NO;
				CLANG_ANALYZER_NONNULL = YES;
				CLANG_ANALYZER_NUMBER_OBJECT_CONVERSION = YES_AGGRESSIVE;
				CLANG_CXX_LANGUAGE_STANDARD = "gnu++14";
				CLANG_CXX_LIBRARY = "libc++";
				CLANG_ENABLE_MODULES = YES;
				CLANG_ENABLE_OBJC_ARC = YES;
				CLANG_ENABLE_OBJC_WEAK = YES;
				CLANG_WARN_BLOCK_CAPTURE_AUTORELEASING = YES;
				CLANG_WARN_BOOL_CONVERSION = YES;
				CLANG_WARN_COMMA = YES;
				CLANG_WARN_CONSTANT_CONVERSION = YES;
				CLANG_WARN_DEPRECATED_OBJC_IMPLEMENTATIONS = YES;
				CLANG_WARN_DIRECT_OBJC_ISA_USAGE = YES_ERROR;
				CLANG_WARN_DOCUMENTATION_COMMENTS = YES;
				CLANG_WARN_EMPTY_BODY = YES;
				CLANG_WARN_ENUM_CONVERSION = YES;
				CLANG_WARN_INFINITE_RECURSION = YES;
				CLANG_WARN_INT_CONVERSION = YES;
				CLANG_WARN_NON_LITERAL_NULL_CONVERSION = YES;
				CLANG_WARN_OBJC_IMPLICIT_RETAIN_SELF = YES;
				CLANG_WARN_OBJC_LITERAL_CONVERSION = YES;
				CLANG_WARN_OBJC_ROOT_CLASS = YES_ERROR;
				CLANG_WARN_RANGE_LOOP_ANALYSIS = YES;
				CLANG_WARN_STRICT_PROTOTYPES = YES;
				CLANG_WARN_SUSPICIOUS_MOVE = YES;
				CLANG_WARN_UNGUARDED_AVAILABILITY = YES_AGGRESSIVE;
				CLANG_WARN_UNREACHABLE_CODE = YES;
				CLANG_WARN__DUPLICATE_METHOD_MATCH = YES;
				COPY_PHASE_STRIP = NO;
				DEBUG_INFORMATION_FORMAT = dwarf;
				ENABLE_STRICT_OBJC_MSGSEND = YES;
				ENABLE_TESTABILITY = YES;
				GCC_C_LANGUAGE_STANDARD = gnu11;
				GCC_DYNAMIC_NO_PIC = NO;
				GCC_NO_COMMON_BLOCKS = YES;
				GCC_OPTIMIZATION_LEVEL = 0;
				GCC_PREPROCESSOR_DEFINITIONS = (
					"DEBUG=1",
					"$(inherited)",
				);
				GCC_WARN_64_TO_32_BIT_CONVERSION = YES;
				GCC_WARN_ABOUT_RETURN_TYPE = YES_ERROR;
				GCC_WARN_UNDECLARED_SELECTOR = YES;
				GCC_WARN_UNINITIALIZED_AUTOS = YES_AGGRESSIVE;
				GCC_WARN_UNUSED_FUNCTION = YES;
				GCC_WARN_UNUSED_VARIABLE = YES;
				IPHONEOS_DEPLOYMENT_TARGET = 13.2;
				MTL_ENABLE_DEBUG_INFO = INCLUDE_SOURCE;
				MTL_FAST_MATH = YES;
				ONLY_ACTIVE_ARCH = YES;
				SDKROOT = iphoneos;
				SWIFT_ACTIVE_COMPILATION_CONDITIONS = DEBUG;
				SWIFT_OPTIMIZATION_LEVEL = "-Onone";
			};
			name = Debug;
		};
		0C0E86022418DBC0003E8507 /* Release */ = {
			isa = XCBuildConfiguration;
			buildSettings = {
				ALWAYS_SEARCH_USER_PATHS = NO;
				CLANG_ANALYZER_NONNULL = YES;
				CLANG_ANALYZER_NUMBER_OBJECT_CONVERSION = YES_AGGRESSIVE;
				CLANG_CXX_LANGUAGE_STANDARD = "gnu++14";
				CLANG_CXX_LIBRARY = "libc++";
				CLANG_ENABLE_MODULES = YES;
				CLANG_ENABLE_OBJC_ARC = YES;
				CLANG_ENABLE_OBJC_WEAK = YES;
				CLANG_WARN_BLOCK_CAPTURE_AUTORELEASING = YES;
				CLANG_WARN_BOOL_CONVERSION = YES;
				CLANG_WARN_COMMA = YES;
				CLANG_WARN_CONSTANT_CONVERSION = YES;
				CLANG_WARN_DEPRECATED_OBJC_IMPLEMENTATIONS = YES;
				CLANG_WARN_DIRECT_OBJC_ISA_USAGE = YES_ERROR;
				CLANG_WARN_DOCUMENTATION_COMMENTS = YES;
				CLANG_WARN_EMPTY_BODY = YES;
				CLANG_WARN_ENUM_CONVERSION = YES;
				CLANG_WARN_INFINITE_RECURSION = YES;
				CLANG_WARN_INT_CONVERSION = YES;
				CLANG_WARN_NON_LITERAL_NULL_CONVERSION = YES;
				CLANG_WARN_OBJC_IMPLICIT_RETAIN_SELF = YES;
				CLANG_WARN_OBJC_LITERAL_CONVERSION = YES;
				CLANG_WARN_OBJC_ROOT_CLASS = YES_ERROR;
				CLANG_WARN_RANGE_LOOP_ANALYSIS = YES;
				CLANG_WARN_STRICT_PROTOTYPES = YES;
				CLANG_WARN_SUSPICIOUS_MOVE = YES;
				CLANG_WARN_UNGUARDED_AVAILABILITY = YES_AGGRESSIVE;
				CLANG_WARN_UNREACHABLE_CODE = YES;
				CLANG_WARN__DUPLICATE_METHOD_MATCH = YES;
				COPY_PHASE_STRIP = NO;
				DEBUG_INFORMATION_FORMAT = "dwarf-with-dsym";
				ENABLE_NS_ASSERTIONS = NO;
				ENABLE_STRICT_OBJC_MSGSEND = YES;
				GCC_C_LANGUAGE_STANDARD = gnu11;
				GCC_NO_COMMON_BLOCKS = YES;
				GCC_WARN_64_TO_32_BIT_CONVERSION = YES;
				GCC_WARN_ABOUT_RETURN_TYPE = YES_ERROR;
				GCC_WARN_UNDECLARED_SELECTOR = YES;
				GCC_WARN_UNINITIALIZED_AUTOS = YES_AGGRESSIVE;
				GCC_WARN_UNUSED_FUNCTION = YES;
				GCC_WARN_UNUSED_VARIABLE = YES;
				IPHONEOS_DEPLOYMENT_TARGET = 13.2;
				MTL_ENABLE_DEBUG_INFO = NO;
				MTL_FAST_MATH = YES;
				SDKROOT = iphoneos;
				SWIFT_COMPILATION_MODE = wholemodule;
				SWIFT_OPTIMIZATION_LEVEL = "-O";
				VALIDATE_PRODUCT = YES;
			};
			name = Release;
		};
		0C0E86042418DBC0003E8507 /* Debug */ = {
			isa = XCBuildConfiguration;
			baseConfigurationReference = 3046A7634966961D68049202 /* Pods-MessagingApp.debug.xcconfig */;
			buildSettings = {
				ASSETCATALOG_COMPILER_APPICON_NAME = AppIcon;
				CODE_SIGN_STYLE = Automatic;
				DEVELOPMENT_TEAM = ZXJV579PJ7;
				INFOPLIST_FILE = MessagingApp/Info.plist;
				LD_RUNPATH_SEARCH_PATHS = (
					"$(inherited)",
					"@executable_path/Frameworks",
				);
				PRODUCT_BUNDLE_IDENTIFIER = PRAPAWITY.MessagingApp;
				PRODUCT_NAME = "$(TARGET_NAME)";
				SWIFT_VERSION = 5.0;
				TARGETED_DEVICE_FAMILY = "1,2";
			};
			name = Debug;
		};
		0C0E86052418DBC0003E8507 /* Release */ = {
			isa = XCBuildConfiguration;
			baseConfigurationReference = F1E800698BFB3F14E581E0CE /* Pods-MessagingApp.release.xcconfig */;
			buildSettings = {
				ASSETCATALOG_COMPILER_APPICON_NAME = AppIcon;
				CODE_SIGN_STYLE = Automatic;
				DEVELOPMENT_TEAM = ZXJV579PJ7;
				INFOPLIST_FILE = MessagingApp/Info.plist;
				LD_RUNPATH_SEARCH_PATHS = (
					"$(inherited)",
					"@executable_path/Frameworks",
				);
				PRODUCT_BUNDLE_IDENTIFIER = PRAPAWITY.MessagingApp;
				PRODUCT_NAME = "$(TARGET_NAME)";
				SWIFT_VERSION = 5.0;
				TARGETED_DEVICE_FAMILY = "1,2";
			};
			name = Release;
		};
/* End XCBuildConfiguration section */

/* Begin XCConfigurationList section */
		0C0E85EA2418DBBA003E8507 /* Build configuration list for PBXProject "MessagingApp" */ = {
			isa = XCConfigurationList;
			buildConfigurations = (
				0C0E86012418DBC0003E8507 /* Debug */,
				0C0E86022418DBC0003E8507 /* Release */,
			);
			defaultConfigurationIsVisible = 0;
			defaultConfigurationName = Release;
		};
		0C0E86032418DBC0003E8507 /* Build configuration list for PBXNativeTarget "MessagingApp" */ = {
			isa = XCConfigurationList;
			buildConfigurations = (
				0C0E86042418DBC0003E8507 /* Debug */,
				0C0E86052418DBC0003E8507 /* Release */,
			);
			defaultConfigurationIsVisible = 0;
			defaultConfigurationName = Release;
		};
/* End XCConfigurationList section */
	};
	rootObject = 0C0E85E72418DBBA003E8507 /* Project object */;
}
